// !$*UTF8*$!
{
	archiveVersion = 1;
	classes = {
	};
	objectVersion = 77;
	objects = {

/* Begin PBXBuildFile section */
		2709FD172FEFB8F900FAB5CE /* docs/FAQ.json in Resources */ = {isa = PBXBuildFile; fileRef = 2709FD152FEFB8D000FAB5CE /* docs/FAQ.json */; };
		276CC9502FE6CEE7009F126C /* README.md in Resources */ = {isa = PBXBuildFile; fileRef = 276CC94F2FE6CEE7009F126C /* README.md */; };
		278CBE142FE778660035AA84 /* WidgetKit.framework in Frameworks */ = {isa = PBXBuildFile; fileRef = 278CBE132FE778660035AA84 /* WidgetKit.framework */; };
		278CBE162FE778660035AA84 /* SwiftUI.framework in Frameworks */ = {isa = PBXBuildFile; fileRef = 278CBE152FE778660035AA84 /* SwiftUI.framework */; };
		278CBE232FE778660035AA84 /* StudyPulseWidgetExtension.appex in Embed Foundation Extensions */ = {isa = PBXBuildFile; fileRef = 278CBE112FE778660035AA84 /* StudyPulseWidgetExtension.appex */; settings = {ATTRIBUTES = (RemoveHeadersOnCopy, ); }; };
		278D45EF2FE7B9950073EB87 /* docs/AlgorithmIntroduction.md in Resources */ = {isa = PBXBuildFile; fileRef = 278D45EE2FE7B9950073EB87 /* docs/AlgorithmIntroduction.md */; };
		278D45F22FE7BA3E0073EB87 /* AGENTS.md in Resources */ = {isa = PBXBuildFile; fileRef = 278D45F12FE7BA3E0073EB87 /* AGENTS.md */; };
		278D45F42FE7BA500073EB87 /* docs/CODE_WIKI.md in Resources */ = {isa = PBXBuildFile; fileRef = 278D45F32FE7BA500073EB87 /* docs/CODE_WIKI.md */; };
		278D45F62FE7BA560073EB87 /* docs/CODE_WIKI_CN.md in Resources */ = {isa = PBXBuildFile; fileRef = 278D45F52FE7BA560073EB87 /* docs/CODE_WIKI_CN.md */; };
		278D45F82FE7BA5C0073EB87 /* docs/AlgorithmIntroduction.md in Resources */ = {isa = PBXBuildFile; fileRef = 278D45F72FE7BA5C0073EB87 /* docs/AlgorithmIntroduction.md */; };
		278D45FA2FE7BA650073EB87 /* docs/DESIGN.md in Resources */ = {isa = PBXBuildFile; fileRef = 278D45F92FE7BA650073EB87 /* docs/DESIGN.md */; };
		278D45FC2FE7BA6A0073EB87 /* README.md in Resources */ = {isa = PBXBuildFile; fileRef = 278D45FB2FE7BA6A0073EB87 /* README.md */; };
		278D45FE2FE7BA750073EB87 /* docs/SPEC.md in Resources */ = {isa = PBXBuildFile; fileRef = 278D45FD2FE7BA750073EB87 /* docs/SPEC.md */; };
		27A00001FEFB900000FAB5C0 /* docs/CONTRIBUTING.json in Resources */ = {isa = PBXBuildFile; fileRef = 27A00002FEFB900100FAB5C0 /* docs/CONTRIBUTING.json */; };
		27AB0003FE0000000000A003 /* SwiftStreamingMarkdown in Frameworks */ = {isa = PBXBuildFile; productRef = 27AB0002FE0000000000A002 /* SwiftStreamingMarkdown */; };
		27BF505B2FE6D1E50038966E /* docs/SPEC.md in Resources */ = {isa = PBXBuildFile; fileRef = 27BF505A2FE6D1E50038966E /* docs/SPEC.md */; };
		27BF505D2FE6D1F10038966E /* AGENTS.md in Resources */ = {isa = PBXBuildFile; fileRef = 27BF505C2FE6D1F10038966E /* AGENTS.md */; };
		27BF505F2FE6D1FE0038966E /* docs/CODE_WIKI_CN.md in Resources */ = {isa = PBXBuildFile; fileRef = 27BF505E2FE6D1FE0038966E /* docs/CODE_WIKI_CN.md */; };
		27BF50612FE6D2070038966E /* docs/CODE_WIKI.md in Resources */ = {isa = PBXBuildFile; fileRef = 27BF50602FE6D2070038966E /* docs/CODE_WIKI.md */; };
		27BF50632FE6D2160038966E /* docs/DESIGN.md in Resources */ = {isa = PBXBuildFile; fileRef = 27BF50622FE6D2160038966E /* docs/DESIGN.md */; };
		27BF50652FE6D2200038966E /* README.md in Resources */ = {isa = PBXBuildFile; fileRef = 27BF50642FE6D2200038966E /* README.md */; };
		27E4AFAE2F824DA300D2D7C9 /* Localizable.strings in Resources */ = {isa = PBXBuildFile; fileRef = 27E4AFAD2F824DA300D2D7C9 /* Localizable.strings */; };
/* End PBXBuildFile section */

/* Begin PBXContainerItemProxy section */
		278CBE212FE778660035AA84 /* PBXContainerItemProxy */ = {
			isa = PBXContainerItemProxy;
			containerPortal = 2743C8362F6EAEA000CC1EED /* Project object */;
			proxyType = 1;
			remoteGlobalIDString = 278CBE102FE778660035AA84;
			remoteInfo = StudyPulseWidgetExtension;
		};
/* End PBXContainerItemProxy section */

/* Begin PBXCopyFilesBuildPhase section */
		278CBE242FE778660035AA84 /* Embed Foundation Extensions */ = {
			isa = PBXCopyFilesBuildPhase;
			buildActionMask = 2147483647;
			dstPath = "";
			dstSubfolderSpec = 13;
			files = (
				278CBE232FE778660035AA84 /* StudyPulseWidgetExtension.appex in Embed Foundation Extensions */,
			);
			name = "Embed Foundation Extensions";
			runOnlyForDeploymentPostprocessing = 0;
		};
/* End PBXCopyFilesBuildPhase section */

/* Begin PBXFileReference section */
		2709FD152FEFB8D000FAB5CE /* docs/FAQ.json */ = {isa = PBXFileReference; lastKnownFileType = public.json; path = docs/FAQ.json; sourceTree = "<group>"; };
		2743C83E2F6EAEA000CC1EED /* StudyPulse.app */ = {isa = PBXFileReference; explicitFileType = wrapper.application; includeInIndex = 0; path = StudyPulse.app; sourceTree = BUILT_PRODUCTS_DIR; };
		276CC94F2FE6CEE7009F126C /* README.md */ = {isa = PBXFileReference; lastKnownFileType = net.daringfireball.markdown; path = README.md; sourceTree = "<group>"; };
		276CC9512FE6CEF3009F126C /* docs/SPEC.md */ = {isa = PBXFileReference; lastKnownFileType = net.daringfireball.markdown; path = docs/SPEC.md; sourceTree = "<group>"; };
		278CBE112FE778660035AA84 /* StudyPulseWidgetExtension.appex */ = {isa = PBXFileReference; explicitFileType = "wrapper.app-extension"; includeInIndex = 0; path = StudyPulseWidgetExtension.appex; sourceTree = BUILT_PRODUCTS_DIR; };
		278CBE132FE778660035AA84 /* WidgetKit.framework */ = {isa = PBXFileReference; lastKnownFileType = wrapper.framework; name = WidgetKit.framework; path = System/Library/Frameworks/WidgetKit.framework; sourceTree = SDKROOT; };
		278CBE152FE778660035AA84 /* SwiftUI.framework */ = {isa = PBXFileReference; lastKnownFileType = wrapper.framework; name = SwiftUI.framework; path = System/Library/Frameworks/SwiftUI.framework; sourceTree = SDKROOT; };
		278CBE332FE778EE0035AA84 /* StudyPulseWidget/StudyPulseWidgetExtension.entitlements */ = {isa = PBXFileReference; lastKnownFileType = text.plist.entitlements; path = StudyPulseWidget/StudyPulseWidgetExtension.entitlements; sourceTree = "<group>"; };
		278D45EE2FE7B9950073EB87 /* docs/AlgorithmIntroduction.md */ = {isa = PBXFileReference; lastKnownFileType = net.daringfireball.markdown; path = docs/AlgorithmIntroduction.md; sourceTree = "<group>"; };
		278D45F02FE7BA260073EB87 /* StudyPulseWidget/StudyPulseWidgetExtension.entitlements */ = {isa = PBXFileReference; lastKnownFileType = text.plist.entitlements; path = StudyPulseWidget/StudyPulseWidgetExtension.entitlements; sourceTree = "<group>"; };
		278D45F12FE7BA3E0073EB87 /* AGENTS.md */ = {isa = PBXFileReference; lastKnownFileType = net.daringfireball.markdown; path = AGENTS.md; sourceTree = "<group>"; };
		278D45F32FE7BA500073EB87 /* docs/CODE_WIKI.md */ = {isa = PBXFileReference; lastKnownFileType = net.daringfireball.markdown; path = docs/CODE_WIKI.md; sourceTree = "<group>"; };
		278D45F52FE7BA560073EB87 /* docs/CODE_WIKI_CN.md */ = {isa = PBXFileReference; lastKnownFileType = net.daringfireball.markdown; path = docs/CODE_WIKI_CN.md; sourceTree = "<group>"; };
		278D45F72FE7BA5C0073EB87 /* docs/AlgorithmIntroduction.md */ = {isa = PBXFileReference; lastKnownFileType = net.daringfireball.markdown; path = docs/AlgorithmIntroduction.md; sourceTree = "<group>"; };
		278D45F92FE7BA650073EB87 /* docs/DESIGN.md */ = {isa = PBXFileReference; lastKnownFileType = net.daringfireball.markdown; path = docs/DESIGN.md; sourceTree = "<group>"; };
		278D45FB2FE7BA6A0073EB87 /* README.md */ = {isa = PBXFileReference; lastKnownFileType = net.daringfireball.markdown; path = README.md; sourceTree = "<group>"; };
		278D45FD2FE7BA750073EB87 /* docs/SPEC.md */ = {isa = PBXFileReference; lastKnownFileType = net.daringfireball.markdown; path = docs/SPEC.md; sourceTree = "<group>"; };
		27A00002FEFB900100FAB5C0 /* docs/CONTRIBUTING.json */ = {isa = PBXFileReference; lastKnownFileType = public.json; path = docs/CONTRIBUTING.json; sourceTree = "<group>"; };
		27BF505A2FE6D1E50038966E /* docs/SPEC.md */ = {isa = PBXFileReference; lastKnownFileType = net.daringfireball.markdown; path = docs/SPEC.md; sourceTree = "<group>"; };
		27BF505C2FE6D1F10038966E /* AGENTS.md */ = {isa = PBXFileReference; lastKnownFileType = net.daringfireball.markdown; path = AGENTS.md; sourceTree = "<group>"; };
		27BF505E2FE6D1FE0038966E /* docs/CODE_WIKI_CN.md */ = {isa = PBXFileReference; lastKnownFileType = net.daringfireball.markdown; path = docs/CODE_WIKI_CN.md; sourceTree = "<group>"; };
		27BF50602FE6D2070038966E /* docs/CODE_WIKI.md */ = {isa = PBXFileReference; lastKnownFileType = net.daringfireball.markdown; path = docs/CODE_WIKI.md; sourceTree = "<group>"; };
		27BF50622FE6D2160038966E /* docs/DESIGN.md */ = {isa = PBXFileReference; lastKnownFileType = net.daringfireball.markdown; path = docs/DESIGN.md; sourceTree = "<group>"; };
		27BF50642FE6D2200038966E /* README.md */ = {isa = PBXFileReference; lastKnownFileType = net.daringfireball.markdown; path = README.md; sourceTree = "<group>"; };
		27E4AFAC2F824DA300D2D7C9 /* zh-Hans */ = {isa = PBXFileReference; lastKnownFileType = text.plist.strings; name = "zh-Hans"; path = "zh-Hans.lproj/Localizable.strings"; sourceTree = "<group>"; };
		27E4AFAF2F824DB400D2D7C9 /* en */ = {isa = PBXFileReference; lastKnownFileType = text.plist.strings; name = en; path = en.lproj/Localizable.strings; sourceTree = "<group>"; };
		27E4AFB02F824DC000D2D7C9 /* zh-Hant */ = {isa = PBXFileReference; lastKnownFileType = text.plist.strings; name = "zh-Hant"; path = "zh-Hant.lproj/Localizable.strings"; sourceTree = "<group>"; };
		27E4AFB12F824DC000D2D7C9 /* ja */ = {isa = PBXFileReference; lastKnownFileType = text.plist.strings; name = ja; path = ja.lproj/Localizable.strings; sourceTree = "<group>"; };
		27E4AFB22F824DC000D2D7C9 /* ko */ = {isa = PBXFileReference; lastKnownFileType = text.plist.strings; name = ko; path = ko.lproj/Localizable.strings; sourceTree = "<group>"; };
/* End PBXFileReference section */

/* Begin PBXFileSystemSynchronizedBuildFileExceptionSet section */
		278CBE272FE778660035AA84 /* Exceptions for "StudyPulseWidget" folder in "StudyPulseWidgetExtension" target */ = {
			isa = PBXFileSystemSynchronizedBuildFileExceptionSet;
			membershipExceptions = (
				Info.plist,
			);
			target = 278CBE102FE778660035AA84 /* StudyPulseWidgetExtension */;
		};
/* End PBXFileSystemSynchronizedBuildFileExceptionSet section */

/* Begin PBXFileSystemSynchronizedRootGroup section */
		2743C8402F6EAEA000CC1EED /* StudyPulse */ = {
			isa = PBXFileSystemSynchronizedRootGroup;
			path = StudyPulse;
			sourceTree = "<group>";
		};
		278CBE172FE778660035AA84 /* StudyPulseWidget */ = {
			isa = PBXFileSystemSynchronizedRootGroup;
			exceptions = (
				278CBE272FE778660035AA84 /* Exceptions for "StudyPulseWidget" folder in "StudyPulseWidgetExtension" target */,
			);
			path = StudyPulseWidget;
			sourceTree = "<group>";
		};
/* End PBXFileSystemSynchronizedRootGroup section */

/* Begin PBXFrameworksBuildPhase section */
		2743C83B2F6EAEA000CC1EED /* Frameworks */ = {
			isa = PBXFrameworksBuildPhase;
			buildActionMask = 2147483647;
			files = (
				27AB0003FE0000000000A003 /* SwiftStreamingMarkdown in Frameworks */,
			);
			runOnlyForDeploymentPostprocessing = 0;
		};
		278CBE0E2FE778660035AA84 /* Frameworks */ = {
			isa = PBXFrameworksBuildPhase;
			buildActionMask = 2147483647;
			files = (
				278CBE162FE778660035AA84 /* SwiftUI.framework in Frameworks */,
				278CBE142FE778660035AA84 /* WidgetKit.framework in Frameworks */,
			);
			runOnlyForDeploymentPostprocessing = 0;
		};
/* End PBXFrameworksBuildPhase section */

/* Begin PBXGroup section */
		270900382FEFBF4F00FAB5CE /* Recovered References */ = {
			isa = PBXGroup;
			children = (
				27A00002FEFB900100FAB5C0 /* docs/CONTRIBUTING.json */,
			);
			name = "Recovered References";
			sourceTree = "<group>";
		};
		2743C8352F6EAEA000CC1EED = {
			isa = PBXGroup;
			children = (
				278CBE332FE778EE0035AA84 /* StudyPulseWidget/StudyPulseWidgetExtension.entitlements */,
				27E4AFAD2F824DA300D2D7C9 /* Localizable.strings */,
				2743C8402F6EAEA000CC1EED /* StudyPulse */,
				278CBE172FE778660035AA84 /* StudyPulseWidget */,
				278CBE122FE778660035AA84 /* Frameworks */,
				278D45FD2FE7BA750073EB87 /* docs/SPEC.md */,
				2709FD152FEFB8D000FAB5CE /* docs/FAQ.json */,
				278D45FB2FE7BA6A0073EB87 /* README.md */,
				278D45F92FE7BA650073EB87 /* docs/DESIGN.md */,
				278D45F72FE7BA5C0073EB87 /* docs/AlgorithmIntroduction.md */,
				278D45F52FE7BA560073EB87 /* docs/CODE_WIKI_CN.md */,
				278D45F32FE7BA500073EB87 /* docs/CODE_WIKI.md */,
				278D45F12FE7BA3E0073EB87 /* AGENTS.md */,
				2743C83F2F6EAEA000CC1EED /* Products */,
				270900382FEFBF4F00FAB5CE /* Recovered References */,
			);
			sourceTree = "<group>";
		};
		2743C83F2F6EAEA000CC1EED /* Products */ = {
			isa = PBXGroup;
			children = (
				2743C83E2F6EAEA000CC1EED /* StudyPulse.app */,
				276CC9512FE6CEF3009F126C /* docs/SPEC.md */,
				276CC94F2FE6CEE7009F126C /* README.md */,
				27BF505A2FE6D1E50038966E /* docs/SPEC.md */,
				278CBE112FE778660035AA84 /* StudyPulseWidgetExtension.appex */,
				27BF50642FE6D2200038966E /* README.md */,
				278D45EE2FE7B9950073EB87 /* docs/AlgorithmIntroduction.md */,
				27BF505C2FE6D1F10038966E /* AGENTS.md */,
				27BF505E2FE6D1FE0038966E /* docs/CODE_WIKI_CN.md */,
				27BF50622FE6D2160038966E /* docs/DESIGN.md */,
				27BF50602FE6D2070038966E /* docs/CODE_WIKI.md */,
			);
			name = Products;
			sourceTree = "<group>";
		};
		278CBE122FE778660035AA84 /* Frameworks */ = {
			isa = PBXGroup;
			children = (
				278D45F02FE7BA260073EB87 /* StudyPulseWidget/StudyPulseWidgetExtension.entitlements */,
				278CBE132FE778660035AA84 /* WidgetKit.framework */,
				278CBE152FE778660035AA84 /* SwiftUI.framework */,
			);
			name = Frameworks;
			sourceTree = "<group>";
		};
/* End PBXGroup section */

/* Begin PBXNativeTarget section */
		2743C83D2F6EAEA000CC1EED /* StudyPulse */ = {
			isa = PBXNativeTarget;
			buildConfigurationList = 2743C8492F6EAEA100CC1EED /* Build configuration list for PBXNativeTarget "StudyPulse" */;
			buildPhases = (
				2743C83A2F6EAEA000CC1EED /* Sources */,
				2743C83B2F6EAEA000CC1EED /* Frameworks */,
				2743C83C2F6EAEA000CC1EED /* Resources */,
				278CBE242FE778660035AA84 /* Embed Foundation Extensions */,
			);
			buildRules = (
			);
			dependencies = (
				278CBE222FE778660035AA84 /* PBXTargetDependency */,
			);
			fileSystemSynchronizedGroups = (
				2743C8402F6EAEA000CC1EED /* StudyPulse */,
			);
			name = StudyPulse;
			packageProductDependencies = (
			);
			productName = StudyPulse;
			productReference = 2743C83E2F6EAEA000CC1EED /* StudyPulse.app */;
			productType = "com.apple.product-type.application";
		};
		278CBE102FE778660035AA84 /* StudyPulseWidgetExtension */ = {
			isa = PBXNativeTarget;
			buildConfigurationList = 278CBE282FE778660035AA84 /* Build configuration list for PBXNativeTarget "StudyPulseWidgetExtension" */;
			buildPhases = (
				278CBE0D2FE778660035AA84 /* Sources */,
				278CBE0E2FE778660035AA84 /* Frameworks */,
				278CBE0F2FE778660035AA84 /* Resources */,
			);
			buildRules = (
			);
			dependencies = (
			);
			fileSystemSynchronizedGroups = (
				278CBE172FE778660035AA84 /* StudyPulseWidget */,
			);
			name = StudyPulseWidgetExtension;
			packageProductDependencies = (
			);
			productName = StudyPulseWidgetExtension;
			productReference = 278CBE112FE778660035AA84 /* StudyPulseWidgetExtension.appex */;
			productType = "com.apple.product-type.app-extension";
		};
/* End PBXNativeTarget section */

/* Begin PBXProject section */
		2743C8362F6EAEA000CC1EED /* Project object */ = {
			isa = PBXProject;
			attributes = {
				BuildIndependentTargetsInParallel = 1;
				LastSwiftUpdateCheck = 2650;
				LastUpgradeCheck = 2650;
				TargetAttributes = {
					2743C83D2F6EAEA000CC1EED = {
						CreatedOnToolsVersion = 26.3;
					};
					278CBE102FE778660035AA84 = {
						CreatedOnToolsVersion = 26.5;
					};
				};
			};
			buildConfigurationList = 2743C8392F6EAEA000CC1EED /* Build configuration list for PBXProject "StudyPulse" */;
			developmentRegion = en;
			hasScannedForEncodings = 0;
			knownRegions = (
				en,
				Base,
				"zh-Hans",
				"zh-Hant",
				ja,
				ko,
			);
			mainGroup = 2743C8352F6EAEA000CC1EED;
			minimizedProjectReferenceProxies = 1;
			packageReferences = (
				27AB0001FE0000000000A001 /* XCLocalSwiftPackageReference "Packages/SwiftStreamingMarkdown-0.2.0" */,
			);
			preferredProjectObjectVersion = 77;
			productRefGroup = 2743C83F2F6EAEA000CC1EED /* Products */;
			projectDirPath = "";
			projectRoot = "";
			targets = (
				2743C83D2F6EAEA000CC1EED /* StudyPulse */,
				278CBE102FE778660035AA84 /* StudyPulseWidgetExtension */,
			);
		};
/* End PBXProject section */

/* Begin PBXResourcesBuildPhase section */
		2743C83C2F6EAEA000CC1EED /* Resources */ = {
			isa = PBXResourcesBuildPhase;
			buildActionMask = 2147483647;
			files = (
				27BF50612FE6D2070038966E /* docs/CODE_WIKI.md in Resources */,
				27BF50652FE6D2200038966E /* README.md in Resources */,
				278D45F62FE7BA560073EB87 /* docs/CODE_WIKI_CN.md in Resources */,
				27BF505B2FE6D1E50038966E /* docs/SPEC.md in Resources */,
				278D45FC2FE7BA6A0073EB87 /* README.md in Resources */,
				2709FD172FEFB8F900FAB5CE /* docs/FAQ.json in Resources */,
				27A00001FEFB900000FAB5C0 /* docs/CONTRIBUTING.json in Resources */,
				278D45F82FE7BA5C0073EB87 /* docs/AlgorithmIntroduction.md in Resources */,
				278D45F42FE7BA500073EB87 /* docs/CODE_WIKI.md in Resources */,
				27BF50632FE6D2160038966E /* docs/DESIGN.md in Resources */,
				278D45FA2FE7BA650073EB87 /* docs/DESIGN.md in Resources */,
				27E4AFAE2F824DA300D2D7C9 /* Localizable.strings in Resources */,
				278D45FE2FE7BA750073EB87 /* docs/SPEC.md in Resources */,
				27BF505D2FE6D1F10038966E /* AGENTS.md in Resources */,
				27BF505F2FE6D1FE0038966E /* docs/CODE_WIKI_CN.md in Resources */,
				278D45EF2FE7B9950073EB87 /* docs/AlgorithmIntroduction.md in Resources */,
				276CC9502FE6CEE7009F126C /* README.md in Resources */,
			);
			runOnlyForDeploymentPostprocessing = 0;
		};
		278CBE0F2FE778660035AA84 /* Resources */ = {
			isa = PBXResourcesBuildPhase;
			buildActionMask = 2147483647;
			files = (
				278D45F22FE7BA3E0073EB87 /* AGENTS.md in Resources */,
			);
			runOnlyForDeploymentPostprocessing = 0;
		};
/* End PBXResourcesBuildPhase section */

/* Begin PBXSourcesBuildPhase section */
		2743C83A2F6EAEA000CC1EED /* Sources */ = {
			isa = PBXSourcesBuildPhase;
			buildActionMask = 2147483647;
			files = (
			);
			runOnlyForDeploymentPostprocessing = 0;
		};
		278CBE0D2FE778660035AA84 /* Sources */ = {
			isa = PBXSourcesBuildPhase;
			buildActionMask = 2147483647;
			files = (
			);
			runOnlyForDeploymentPostprocessing = 0;
		};
/* End PBXSourcesBuildPhase section */

/* Begin PBXTargetDependency section */
		278CBE222FE778660035AA84 /* PBXTargetDependency */ = {
			isa = PBXTargetDependency;
			target = 278CBE102FE778660035AA84 /* StudyPulseWidgetExtension */;
			targetProxy = 278CBE212FE778660035AA84 /* PBXContainerItemProxy */;
		};
/* End PBXTargetDependency section */

/* Begin PBXVariantGroup section */
		27E4AFAD2F824DA300D2D7C9 /* Localizable.strings */ = {
			isa = PBXVariantGroup;
			children = (
				27E4AFAC2F824DA300D2D7C9 /* zh-Hans */,
				27E4AFAF2F824DB400D2D7C9 /* en */,
				27E4AFB02F824DC000D2D7C9 /* zh-Hant */,
				27E4AFB12F824DC000D2D7C9 /* ja */,
				27E4AFB22F824DC000D2D7C9 /* ko */,
			);
			name = Localizable.strings;
			sourceTree = "<group>";
		};
/* End PBXVariantGroup section */

/* Begin XCBuildConfiguration section */
		2743C8472F6EAEA100CC1EED /* Debug */ = {
			isa = XCBuildConfiguration;
			buildSettings = {
				ALWAYS_SEARCH_USER_PATHS = NO;
				ASSETCATALOG_COMPILER_GENERATE_SWIFT_ASSET_SYMBOL_EXTENSIONS = YES;
				CLANG_ANALYZER_LOCALIZABILITY_NONLOCALIZED = YES;
				CLANG_ANALYZER_NONNULL = YES;
				CLANG_ANALYZER_NUMBER_OBJECT_CONVERSION = YES_AGGRESSIVE;
				CLANG_CXX_LANGUAGE_STANDARD = "gnu++20";
				CLANG_ENABLE_MODULES = YES;
				CLANG_ENABLE_OBJC_ARC = YES;
				CLANG_ENABLE_OBJC_WEAK = YES;
				CLANG_WARN_BLOCK_CAPTURE_AUTORELEASING = YES;
				CLANG_WARN_BOOL_CONVERSION = YES;
				CLANG_WARN_COMMA = YES;
				CLANG_WARN_CONSTANT_CONVERSION = YES;
				CLANG_WARN_DEPRECATED_OBJC_IMPLEMENTATIONS = YES;
				CLANG_WARN_DIRECT_OBJC_ISA_USAGE = YES_ERROR;
				CLANG_WARN_DOCUMENTATION_COMMENTS = YES;
				CLANG_WARN_EMPTY_BODY = YES;
				CLANG_WARN_ENUM_CONVERSION = YES;
				CLANG_WARN_INFINITE_RECURSION = YES;
				CLANG_WARN_INT_CONVERSION = YES;
				CLANG_WARN_NON_LITERAL_NULL_CONVERSION = YES;
				CLANG_WARN_OBJC_IMPLICIT_RETAIN_SELF = YES;
				CLANG_WARN_OBJC_LITERAL_CONVERSION = YES;
				CLANG_WARN_OBJC_ROOT_CLASS = YES_ERROR;
				CLANG_WARN_QUOTED_INCLUDE_IN_FRAMEWORK_HEADER = YES;
				CLANG_WARN_RANGE_LOOP_ANALYSIS = YES;
				CLANG_WARN_STRICT_PROTOTYPES = YES;
				CLANG_WARN_SUSPICIOUS_MOVE = YES;
				CLANG_WARN_UNGUARDED_AVAILABILITY = YES_AGGRESSIVE;
				CLANG_WARN_UNREACHABLE_CODE = YES;
				CLANG_WARN__DUPLICATE_METHOD_MATCH = YES;
				COPY_PHASE_STRIP = NO;
				DEBUG_INFORMATION_FORMAT = dwarf;
				DEVELOPMENT_TEAM = D2G8858WRZ;
				ENABLE_STRICT_OBJC_MSGSEND = YES;
				ENABLE_TESTABILITY = YES;
				ENABLE_USER_SCRIPT_SANDBOXING = YES;
				GCC_C_LANGUAGE_STANDARD = gnu17;
				GCC_DYNAMIC_NO_PIC = NO;
				GCC_NO_COMMON_BLOCKS = YES;
				GCC_OPTIMIZATION_LEVEL = 0;
				GCC_PREPROCESSOR_DEFINITIONS = (
					"DEBUG=1",
					"$(inherited)",
				);
				GCC_WARN_64_TO_32_BIT_CONVERSION = YES;
				GCC_WARN_ABOUT_RETURN_TYPE = YES_ERROR;
				GCC_WARN_UNDECLARED_SELECTOR = YES;
				GCC_WARN_UNINITIALIZED_AUTOS = YES_AGGRESSIVE;
				GCC_WARN_UNUSED_FUNCTION = YES;
				GCC_WARN_UNUSED_VARIABLE = YES;
				IPHONEOS_DEPLOYMENT_TARGET = 26.0;
				LOCALIZATION_PREFERS_STRING_CATALOGS = YES;
				MTL_ENABLE_DEBUG_INFO = INCLUDE_SOURCE;
				MTL_FAST_MATH = YES;
				ONLY_ACTIVE_ARCH = YES;
				SDKROOT = iphoneos;
				STRING_CATALOG_GENERATE_SYMBOLS = YES;
				SWIFT_ACTIVE_COMPILATION_CONDITIONS = "DEBUG $(inherited)";
				SWIFT_COMPILATION_MODE = singlefile;
				SWIFT_OPTIMIZATION_LEVEL = "-Onone";
				SWIFT_VERSION = 6.0;
			};
			name = Debug;
		};
		2743C8482F6EAEA100CC1EED /* Release */ = {
			isa = XCBuildConfiguration;
			buildSettings = {
				ALWAYS_SEARCH_USER_PATHS = NO;
				ASSETCATALOG_COMPILER_GENERATE_SWIFT_ASSET_SYMBOL_EXTENSIONS = YES;
				CLANG_ANALYZER_LOCALIZABILITY_NONLOCALIZED = YES;
				CLANG_ANALYZER_NONNULL = YES;
				CLANG_ANALYZER_NUMBER_OBJECT_CONVERSION = YES_AGGRESSIVE;
				CLANG_CXX_LANGUAGE_STANDARD = "gnu++20";
				CLANG_ENABLE_MODULES = YES;
				CLANG_ENABLE_OBJC_ARC = YES;
				CLANG_ENABLE_OBJC_WEAK = YES;
				CLANG_WARN_BLOCK_CAPTURE_AUTORELEASING = YES;
				CLANG_WARN_BOOL_CONVERSION = YES;
				CLANG_WARN_COMMA = YES;
				CLANG_WARN_CONSTANT_CONVERSION = YES;
				CLANG_WARN_DEPRECATED_OBJC_IMPLEMENTATIONS = YES;
				CLANG_WARN_DIRECT_OBJC_ISA_USAGE = YES_ERROR;
				CLANG_WARN_DOCUMENTATION_COMMENTS = YES;
				CLANG_WARN_EMPTY_BODY = YES;
				CLANG_WARN_ENUM_CONVERSION = YES;
				CLANG_WARN_INFINITE_RECURSION = YES;
				CLANG_WARN_INT_CONVERSION = YES;
				CLANG_WARN_NON_LITERAL_NULL_CONVERSION = YES;
				CLANG_WARN_OBJC_IMPLICIT_RETAIN_SELF = YES;
				CLANG_WARN_OBJC_LITERAL_CONVERSION = YES;
				CLANG_WARN_OBJC_ROOT_CLASS = YES_ERROR;
				CLANG_WARN_QUOTED_INCLUDE_IN_FRAMEWORK_HEADER = YES;
				CLANG_WARN_RANGE_LOOP_ANALYSIS = YES;
				CLANG_WARN_STRICT_PROTOTYPES = YES;
				CLANG_WARN_SUSPICIOUS_MOVE = YES;
				CLANG_WARN_UNGUARDED_AVAILABILITY = YES_AGGRESSIVE;
				CLANG_WARN_UNREACHABLE_CODE = YES;
				CLANG_WARN__DUPLICATE_METHOD_MATCH = YES;
				COPY_PHASE_STRIP = NO;
				DEBUG_INFORMATION_FORMAT = "dwarf-with-dsym";
				DEVELOPMENT_TEAM = D2G8858WRZ;
				ENABLE_NS_ASSERTIONS = NO;
				ENABLE_STRICT_OBJC_MSGSEND = YES;
				ENABLE_USER_SCRIPT_SANDBOXING = YES;
				GCC_C_LANGUAGE_STANDARD = gnu17;
				GCC_NO_COMMON_BLOCKS = YES;
				GCC_WARN_64_TO_32_BIT_CONVERSION = YES;
				GCC_WARN_ABOUT_RETURN_TYPE = YES_ERROR;
				GCC_WARN_UNDECLARED_SELECTOR = YES;
				GCC_WARN_UNINITIALIZED_AUTOS = YES_AGGRESSIVE;
				GCC_WARN_UNUSED_FUNCTION = YES;
				GCC_WARN_UNUSED_VARIABLE = YES;
				IPHONEOS_DEPLOYMENT_TARGET = 26.0;
				LOCALIZATION_PREFERS_STRING_CATALOGS = YES;
				MTL_ENABLE_DEBUG_INFO = NO;
				MTL_FAST_MATH = YES;
				SDKROOT = iphoneos;
				STRING_CATALOG_GENERATE_SYMBOLS = YES;
				SWIFT_COMPILATION_MODE = wholemodule;
				SWIFT_VERSION = 6.0;
				VALIDATE_PRODUCT = YES;
			};
			name = Release;
		};
		2743C84A2F6EAEA100CC1EED /* Debug */ = {
			isa = XCBuildConfiguration;
			buildSettings = {
				ASSETCATALOG_COMPILER_APPICON_NAME = StudyPulseIcon;
				"ASSETCATALOG_COMPILER_APPICON_NAME[sdk=iphoneos*]" = StudyPulseIcon;
				ASSETCATALOG_COMPILER_GLOBAL_ACCENT_COLOR_NAME = AccentColor;
				ASSETCATALOG_COMPILER_INCLUDE_ALL_APPICON_ASSETS = NO;
				CODE_SIGN_ENTITLEMENTS = StudyPulse/StudyPulse.entitlements;
				CODE_SIGN_STYLE = Automatic;
				CURRENT_PROJECT_VERSION = 1;
				ENABLE_PREVIEWS = YES;
				GENERATE_INFOPLIST_FILE = YES;
				INFOPLIST_KEY_LSApplicationCategoryType = "";
				INFOPLIST_KEY_NSCalendarsUsageDescription = "StudyPulse 需要将考试添加到您的日历中";
				INFOPLIST_KEY_NSCameraUsageDescription = "StudyPulse 需要使用相机拍摄错题照片";
				INFOPLIST_KEY_NSHealthShareUsageDescription = "StudyPulse reads Heart Rate Variability (HRV), heart rate, respiratory rate and sleep from Apple Health to tailor study suggestions. Your data stays on device and is never uploaded or shared.";
				INFOPLIST_KEY_NSHealthUpdateUsageDescription = "StudyPulse does not write any data to Apple Health.";
				INFOPLIST_KEY_NSPhotoLibraryUsageDescription = "StudyPulse 需要访问相册以选择错题照片";
				INFOPLIST_KEY_NSSiriUsageDescription = "StudyPulse uses Siri to let you log scores, check exams, and get study suggestions using your voice.";
				INFOPLIST_KEY_NSSupportsLiveActivities = YES;
				INFOPLIST_KEY_UIApplicationSceneManifest_Generation = YES;
				INFOPLIST_KEY_UIApplicationSupportsIndirectInputEvents = YES;
				INFOPLIST_KEY_UILaunchScreen_Generation = YES;
				INFOPLIST_KEY_UISupportedInterfaceOrientations_iPad = "UIInterfaceOrientationPortrait UIInterfaceOrientationPortraitUpsideDown UIInterfaceOrientationLandscapeLeft UIInterfaceOrientationLandscapeRight";
				INFOPLIST_KEY_UISupportedInterfaceOrientations_iPhone = "UIInterfaceOrientationPortrait UIInterfaceOrientationLandscapeLeft UIInterfaceOrientationLandscapeRight";
				IPHONEOS_DEPLOYMENT_TARGET = 18.6;
				LD_RUNPATH_SEARCH_PATHS = (
					"$(inherited)",
					"@executable_path/Frameworks",
				);
				MARKETING_VERSION = 1.142.0;
				PRODUCT_BUNDLE_IDENTIFIER = Gao.Chenkai.StudyPulse;
				PRODUCT_NAME = "$(TARGET_NAME)";
				STRING_CATALOG_GENERATE_SYMBOLS = YES;
				SUPPORTED_PLATFORMS = "iphoneos iphonesimulator";
				SUPPORTS_MACCATALYST = NO;
				SUPPORTS_XR_DESIGNED_FOR_IPHONE_IPAD = NO;
				SWIFT_APPROACHABLE_CONCURRENCY = YES;
				SWIFT_DEFAULT_ACTOR_ISOLATION = MainActor;
				SWIFT_EMIT_LOC_STRINGS = YES;
				SWIFT_UPCOMING_FEATURE_MEMBER_IMPORT_VISIBILITY = YES;
				SWIFT_VERSION = 6.0;
				TARGETED_DEVICE_FAMILY = "1,2";
			};
			name = Debug;
		};
		2743C84B2F6EAEA100CC1EED /* Release */ = {
			isa = XCBuildConfiguration;
			buildSettings = {
				ASSETCATALOG_COMPILER_APPICON_NAME = StudyPulseIcon;
				"ASSETCATALOG_COMPILER_APPICON_NAME[sdk=iphoneos*]" = StudyPulseIcon;
				ASSETCATALOG_COMPILER_GLOBAL_ACCENT_COLOR_NAME = AccentColor;
				ASSETCATALOG_COMPILER_INCLUDE_ALL_APPICON_ASSETS = NO;
				CODE_SIGN_ENTITLEMENTS = StudyPulse/StudyPulse.entitlements;
				CODE_SIGN_STYLE = Automatic;
				CURRENT_PROJECT_VERSION = 1;
				ENABLE_PREVIEWS = YES;
				GENERATE_INFOPLIST_FILE = YES;
				INFOPLIST_KEY_LSApplicationCategoryType = "";
				INFOPLIST_KEY_NSCalendarsUsageDescription = "StudyPulse 需要将考试添加到您的日历中";
				INFOPLIST_KEY_NSCameraUsageDescription = "StudyPulse 需要使用相机拍摄错题照片";
				INFOPLIST_KEY_NSHealthShareUsageDescription = "StudyPulse reads Heart Rate Variability (HRV), heart rate, respiratory rate and sleep from Apple Health to tailor study suggestions. Your data stays on device and is never uploaded or shared.";
				INFOPLIST_KEY_NSHealthUpdateUsageDescription = "StudyPulse does not write any data to Apple Health.";
				INFOPLIST_KEY_NSPhotoLibraryUsageDescription = "StudyPulse 需要访问相册以选择错题照片";
				INFOPLIST_KEY_NSSiriUsageDescription = "StudyPulse uses Siri to let you log scores, check exams, and get study suggestions using your voice.";
				INFOPLIST_KEY_NSSupportsLiveActivities = YES;
				INFOPLIST_KEY_UIApplicationSceneManifest_Generation = YES;
				INFOPLIST_KEY_UIApplicationSupportsIndirectInputEvents = YES;
				INFOPLIST_KEY_UILaunchScreen_Generation = YES;
				INFOPLIST_KEY_UISupportedInterfaceOrientations_iPad = "UIInterfaceOrientationPortrait UIInterfaceOrientationPortraitUpsideDown UIInterfaceOrientationLandscapeLeft UIInterfaceOrientationLandscapeRight";
				INFOPLIST_KEY_UISupportedInterfaceOrientations_iPhone = "UIInterfaceOrientationPortrait UIInterfaceOrientationLandscapeLeft UIInterfaceOrientationLandscapeRight";
				IPHONEOS_DEPLOYMENT_TARGET = 18.6;
				LD_RUNPATH_SEARCH_PATHS = (
					"$(inherited)",
					"@executable_path/Frameworks",
				);
				MARKETING_VERSION = 1.142.0;
				PRODUCT_BUNDLE_IDENTIFIER = Gao.Chenkai.StudyPulse;
				PRODUCT_NAME = "$(TARGET_NAME)";
				STRING_CATALOG_GENERATE_SYMBOLS = YES;
				SUPPORTED_PLATFORMS = "iphoneos iphonesimulator";
				SUPPORTS_MACCATALYST = NO;
				SUPPORTS_XR_DESIGNED_FOR_IPHONE_IPAD = NO;
				SWIFT_APPROACHABLE_CONCURRENCY = YES;
				SWIFT_DEFAULT_ACTOR_ISOLATION = MainActor;
				SWIFT_EMIT_LOC_STRINGS = YES;
				SWIFT_UPCOMING_FEATURE_MEMBER_IMPORT_VISIBILITY = YES;
				SWIFT_VERSION = 6.0;
				TARGETED_DEVICE_FAMILY = "1,2";
			};
			name = Release;
		};
		278CBE252FE778660035AA84 /* Debug */ = {
			isa = XCBuildConfiguration;
			buildSettings = {
				ASSETCATALOG_COMPILER_GLOBAL_ACCENT_COLOR_NAME = AccentColor;
				ASSETCATALOG_COMPILER_WIDGET_BACKGROUND_COLOR_NAME = WidgetBackground;
				CODE_SIGN_ENTITLEMENTS = StudyPulseWidget/StudyPulseWidgetExtension.entitlements;
				CODE_SIGN_STYLE = Automatic;
				CURRENT_PROJECT_VERSION = 1;
				GENERATE_INFOPLIST_FILE = YES;
				INFOPLIST_FILE = StudyPulseWidget/Info.plist;
				INFOPLIST_KEY_CFBundleDisplayName = StudyPulseWidget;
				INFOPLIST_KEY_NSHumanReadableCopyright = "";
				IPHONEOS_DEPLOYMENT_TARGET = 17.6;
				LD_RUNPATH_SEARCH_PATHS = (
					"$(inherited)",
					"@executable_path/Frameworks",
					"@executable_path/../../Frameworks",
				);
				MARKETING_VERSION = 1.142.0;
				PRODUCT_BUNDLE_IDENTIFIER = Gao.Chenkai.StudyPulse.StudyPulseWidget;
				PRODUCT_NAME = "$(TARGET_NAME)";
				SKIP_INSTALL = YES;
				STRING_CATALOG_GENERATE_SYMBOLS = YES;
				SWIFT_APPROACHABLE_CONCURRENCY = YES;
				SWIFT_EMIT_LOC_STRINGS = YES;
				SWIFT_UPCOMING_FEATURE_MEMBER_IMPORT_VISIBILITY = YES;
				SWIFT_VERSION = 5.0;
				TARGETED_DEVICE_FAMILY = "1,2";
			};
			name = Debug;
		};
		278CBE262FE778660035AA84 /* Release */ = {
			isa = XCBuildConfiguration;
			buildSettings = {
				ASSETCATALOG_COMPILER_GLOBAL_ACCENT_COLOR_NAME = AccentColor;
				ASSETCATALOG_COMPILER_WIDGET_BACKGROUND_COLOR_NAME = WidgetBackground;
				CODE_SIGN_ENTITLEMENTS = StudyPulseWidget/StudyPulseWidgetExtension.entitlements;
				CODE_SIGN_STYLE = Automatic;
				CURRENT_PROJECT_VERSION = 1;
				GENERATE_INFOPLIST_FILE = YES;
				INFOPLIST_FILE = StudyPulseWidget/Info.plist;
				INFOPLIST_KEY_CFBundleDisplayName = StudyPulseWidget;
				INFOPLIST_KEY_NSHumanReadableCopyright = "";
				IPHONEOS_DEPLOYMENT_TARGET = 17.6;
				LD_RUNPATH_SEARCH_PATHS = (
					"$(inherited)",
					"@executable_path/Frameworks",
					"@executable_path/../../Frameworks",
				);
				MARKETING_VERSION = 1.142.0;
				PRODUCT_BUNDLE_IDENTIFIER = Gao.Chenkai.StudyPulse.StudyPulseWidget;
				PRODUCT_NAME = "$(TARGET_NAME)";
				SKIP_INSTALL = YES;
				STRING_CATALOG_GENERATE_SYMBOLS = YES;
				SWIFT_APPROACHABLE_CONCURRENCY = YES;
				SWIFT_EMIT_LOC_STRINGS = YES;
				SWIFT_UPCOMING_FEATURE_MEMBER_IMPORT_VISIBILITY = YES;
				SWIFT_VERSION = 5.0;
				TARGETED_DEVICE_FAMILY = "1,2";
			};
			name = Release;
		};
/* End XCBuildConfiguration section */

/* Begin XCConfigurationList section */
		2743C8392F6EAEA000CC1EED /* Build configuration list for PBXProject "StudyPulse" */ = {
			isa = XCConfigurationList;
			buildConfigurations = (
				2743C8472F6EAEA100CC1EED /* Debug */,
				2743C8482F6EAEA100CC1EED /* Release */,
			);
			defaultConfigurationIsVisible = 0;
			defaultConfigurationName = Release;
		};
		2743C8492F6EAEA100CC1EED /* Build configuration list for PBXNativeTarget "StudyPulse" */ = {
			isa = XCConfigurationList;
			buildConfigurations = (
				2743C84A2F6EAEA100CC1EED /* Debug */,
				2743C84B2F6EAEA100CC1EED /* Release */,
			);
			defaultConfigurationIsVisible = 0;
			defaultConfigurationName = Release;
		};
		278CBE282FE778660035AA84 /* Build configuration list for PBXNativeTarget "StudyPulseWidgetExtension" */ = {
			isa = XCConfigurationList;
			buildConfigurations = (
				278CBE252FE778660035AA84 /* Debug */,
				278CBE262FE778660035AA84 /* Release */,
			);
			defaultConfigurationIsVisible = 0;
			defaultConfigurationName = Release;
		};
/* End XCConfigurationList section */

/* Begin XCLocalSwiftPackageReference section */
		27AB0001FE0000000000A001 /* XCLocalSwiftPackageReference "Packages/SwiftStreamingMarkdown-0.2.0" */ = {
			isa = XCLocalSwiftPackageReference;
			relativePath = "Packages/SwiftStreamingMarkdown-0.2.0";
		};
/* End XCLocalSwiftPackageReference section */

/* Begin XCSwiftPackageProductDependency section */
		27AB0002FE0000000000A002 /* SwiftStreamingMarkdown */ = {
			isa = XCSwiftPackageProductDependency;
			package = 27AB0001FE0000000000A001 /* XCLocalSwiftPackageReference "Packages/SwiftStreamingMarkdown-0.2.0" */;
			productName = SwiftStreamingMarkdown;
		};
/* End XCSwiftPackageProductDependency section */
	};
	rootObject = 2743C8362F6EAEA000CC1EED /* Project object */;
}
